
Microsoft Visual Studio Solution File, Format Version 12.00
# Visual Studio Version 17
VisualStudioVersion = 17.5.33516.290
MinimumVisualStudioVersion = 10.0.40219.1
Project("{FAE04EC0-301F-11D3-BF4B-00C04F79EFBC}") = "paexS1.Android", "paexS1.Android\paexS1.Android.csproj", "{083A5A99-1B23-4586-8CCF-471C97936775}"
EndProject
Project("{FAE04EC0-301F-11D3-BF4B-00C04F79EFBC}") = "paexS1.iOS", "paexS1.iOS\paexS1.iOS.csproj", "{541FA64B-CD43-42EB-B125-4E985E64BDEE}"
EndProject
Project("{FAE04EC0-301F-11D3-BF4B-00C04F79EFBC}") = "paexS1", "paexS1\paexS1.csproj", "{4681BEDB-6149-40CA-90C8-7205701EC2C7}"
EndProject
Global
	GlobalSection(SolutionConfigurationPlatforms) = preSolution
		Debug|Any CPU = Debug|Any CPU
		Debug|iPhone = Debug|iPhone
		Debug|iPhoneSimulator = Debug|iPhoneSimulator
		Release|Any CPU = Release|Any CPU
		Release|iPhone = Release|iPhone
		Release|iPhoneSimulator = Release|iPhoneSimulator
	EndGlobalSection
	GlobalSection(ProjectConfigurationPlatforms) = postSolution
		{083A5A99-1B23-4586-8CCF-471C97936775}.Debug|Any CPU.ActiveCfg = Debug|Any CPU
		{083A5A99-1B23-4586-8CCF-471C97936775}.Debug|Any CPU.Build.0 = Debug|Any CPU
		{083A5A99-1B23-4586-8CCF-471C97936775}.Debug|Any CPU.Deploy.0 = Debug|Any CPU
		{083A5A99-1B23-4586-8CCF-471C97936775}.Debug|iPhone.ActiveCfg = Debug|Any CPU
		{083A5A99-1B23-4586-8CCF-471C97936775}.Debug|iPhone.Build.0 = Debug|Any CPU
		{083A5A99-1B23-4586-8CCF-471C97936775}.Debug|iPhone.Deploy.0 = Debug|Any CPU
		{083A5A99-1B23-4586-8CCF-471C97936775}.Debug|iPhoneSimulator.ActiveCfg = Debug|Any CPU
		{083A5A99-1B23-4586-8CCF-471C97936775}.Debug|iPhoneSimulator.Build.0 = Debug|Any CPU
		{083A5A99-1B23-4586-8CCF-471C97936775}.Debug|iPhoneSimulator.Deploy.0 = Debug|Any CPU
		{083A5A99-1B23-4586-8CCF-471C97936775}.Release|Any CPU.ActiveCfg = Release|Any CPU
		{083A5A99-1B23-4586-8CCF-471C97936775}.Release|Any CPU.Build.0 = Release|Any CPU
		{083A5A99-1B23-4586-8CCF-471C97936775}.Release|Any CPU.Deploy.0 = Release|Any CPU
		{083A5A99-1B23-4586-8CCF-471C97936775}.Release|iPhone.ActiveCfg = Release|Any CPU
		{083A5A99-1B23-4586-8CCF-471C97936775}.Release|iPhone.Build.0 = Release|Any CPU
		{083A5A99-1B23-4586-8CCF-471C97936775}.Release|iPhone.Deploy.0 = Release|Any CPU
		{083A5A99-1B23-4586-8CCF-471C97936775}.Release|iPhoneSimulator.ActiveCfg = Release|Any CPU
		{083A5A99-1B23-4586-8CCF-471C97936775}.Release|iPhoneSimulator.Build.0 = Release|Any CPU
		{083A5A99-1B23-4586-8CCF-471C97936775}.Release|iPhoneSimulator.Deploy.0 = Release|Any CPU
		{541FA64B-CD43-42EB-B125-4E985E64BDEE}.Debug|Any CPU.ActiveCfg = Debug|iPhone
		{541FA64B-CD43-42EB-B125-4E985E64BDEE}.Debug|Any CPU.Build.0 = Debug|iPhone
		{541FA64B-CD43-42EB-B125-4E985E64BDEE}.Debug|Any CPU.Deploy.0 = Debug|iPhone
		{541FA64B-CD43-42EB-B125-4E985E64BDEE}.Debug|iPhone.ActiveCfg = Debug|iPhone
		{541FA64B-CD43-42EB-B125-4E985E64BDEE}.Debug|iPhone.Build.0 = Debug|iPhone
		{541FA64B-CD43-42EB-B125-4E985E64BDEE}.Debug|iPhone.Deploy.0 = Debug|iPhone
		{541FA64B-CD43-42EB-B125-4E985E64BDEE}.Debug|iPhoneSimulator.ActiveCfg = Debug|iPhoneSimulator
		{541FA64B-CD43-42EB-B125-4E985E64BDEE}.Debug|iPhoneSimulator.Build.0 = Debug|iPhoneSimulator
		{541FA64B-CD43-42EB-B125-4E985E64BDEE}.Debug|iPhoneSimulator.Deploy.0 = Debug|iPhoneSimulator
		{541FA64B-CD43-42EB-B125-4E985E64BDEE}.Release|Any CPU.ActiveCfg = Release|iPhoneSimulator
		{541FA64B-CD43-42EB-B125-4E985E64BDEE}.Release|Any CPU.Build.0 = Release|iPhoneSimulator
		{541FA64B-CD43-42EB-B125-4E985E64BDEE}.Release|Any CPU.Deploy.0 = Release|iPhoneSimulator
		{541FA64B-CD43-42EB-B125-4E985E64BDEE}.Release|iPhone.ActiveCfg = Release|iPhone
		{541FA64B-CD43-42EB-B125-4E985E64BDEE}.Release|iPhone.Build.0 = Release|iPhone
		{541FA64B-CD43-42EB-B125-4E985E64BDEE}.Release|iPhone.Deploy.0 = Release|iPhone
		{541FA64B-CD43-42EB-B125-4E985E64BDEE}.Release|iPhoneSimulator.ActiveCfg = Release|iPhoneSimulator
		{541FA64B-CD43-42EB-B125-4E985E64BDEE}.Release|iPhoneSimulator.Build.0 = Release|iPhoneSimulator
		{541FA64B-CD43-42EB-B125-4E985E64BDEE}.Release|iPhoneSimulator.Deploy.0 = Release|iPhoneSimulator
		{4681BEDB-6149-40CA-90C8-7205701EC2C7}.Debug|Any CPU.ActiveCfg = Debug|Any CPU
		{4681BEDB-6149-40CA-90C8-7205701EC2C7}.Debug|Any CPU.Build.0 = Debug|Any CPU
		{4681BEDB-6149-40CA-90C8-7205701EC2C7}.Debug|Any CPU.Deploy.0 = Debug|Any CPU
		{4681BEDB-6149-40CA-90C8-7205701EC2C7}.Debug|iPhone.ActiveCfg = Debug|Any CPU
		{4681BEDB-6149-40CA-90C8-7205701EC2C7}.Debug|iPhone.Build.0 = Debug|Any CPU
		{4681BEDB-6149-40CA-90C8-7205701EC2C7}.Debug|iPhone.Deploy.0 = Debug|Any CPU
		{4681BEDB-6149-40CA-90C8-7205701EC2C7}.Debug|iPhoneSimulator.ActiveCfg = Debug|Any CPU
		{4681BEDB-6149-40CA-90C8-7205701EC2C7}.Debug|iPhoneSimulator.Build.0 = Debug|Any CPU
		{4681BEDB-6149-40CA-90C8-7205701EC2C7}.Debug|iPhoneSimulator.Deploy.0 = Debug|Any CPU
		{4681BEDB-6149-40CA-90C8-7205701EC2C7}.Release|Any CPU.ActiveCfg = Release|Any CPU
		{4681BEDB-6149-40CA-90C8-7205701EC2C7}.Release|Any CPU.Build.0 = Release|Any CPU
		{4681BEDB-6149-40CA-90C8-7205701EC2C7}.Release|Any CPU.Deploy.0 = Release|Any CPU
		{4681BEDB-6149-40CA-90C8-7205701EC2C7}.Release|iPhone.ActiveCfg = Release|Any CPU
		{4681BEDB-6149-40CA-90C8-7205701EC2C7}.Release|iPhone.Build.0 = Release|Any CPU
		{4681BEDB-6149-40CA-90C8-7205701EC2C7}.Release|iPhone.Deploy.0 = Release|Any CPU
		{4681BEDB-6149-40CA-90C8-7205701EC2C7}.Release|iPhoneSimulator.ActiveCfg = Release|Any CPU
		{4681BEDB-6149-40CA-90C8-7205701EC2C7}.Release|iPhoneSimulator.Build.0 = Release|Any CPU
		{4681BEDB-6149-40CA-90C8-7205701EC2C7}.Release|iPhoneSimulator.Deploy.0 = Release|Any CPU
	EndGlobalSection
	GlobalSection(SolutionProperties) = preSolution
		HideSolutionNode = FALSE
	EndGlobalSection
	GlobalSection(ExtensibilityGlobals) = postSolution
		SolutionGuid = {FC998F8F-F86D-4FE7-A4A1-AEB7CF70EDF8}
	EndGlobalSection
EndGlobal
